
Microsoft Visual Studio Solution File, Format Version 12.00
# Visual Studio Version 16
VisualStudioVersion = 16.0.30907.101
MinimumVisualStudioVersion = 10.0.40219.1
Project("{FAE04EC0-301F-11D3-BF4B-00C04F79EFBC}") = "Lesson-5", "Lesson-5\Lesson-5.csproj", "{643A2557-44DA-4611-982B-7224DC16B7FE}"
EndProject
Global
	GlobalSection(SolutionConfigurationPlatforms) = preSolution
		Debug|Any CPU = Debug|Any CPU
		Release|Any CPU = Release|Any CPU
	EndGlobalSection
	GlobalSection(ProjectConfigurationPlatforms) = postSolution
		{643A2557-44DA-4611-982B-7224DC16B7FE}.Debug|Any CPU.ActiveCfg = Debug|Any CPU
		{643A2557-44DA-4611-982B-7224DC16B7FE}.Debug|Any CPU.Build.0 = Debug|Any CPU
		{643A2557-44DA-4611-982B-7224DC16B7FE}.Release|Any CPU.ActiveCfg = Release|Any CPU
		{643A2557-44DA-4611-982B-7224DC16B7FE}.Release|Any CPU.Build.0 = Release|Any CPU
	EndGlobalSection
	GlobalSection(SolutionProperties) = preSolution
		HideSolutionNode = FALSE
	EndGlobalSection
	GlobalSection(ExtensibilityGlobals) = postSolution
		SolutionGuid = {824AD265-52A1-4396-A24A-F433F162A279}
	EndGlobalSection
EndGlobal
