
Microsoft Visual Studio Solution File, Format Version 12.00
# Visual Studio Version 16
VisualStudioVersion = 16.0.30907.101
MinimumVisualStudioVersion = 10.0.40219.1
Project("{FAE04EC0-301F-11D3-BF4B-00C04F79EFBC}") = "Task1", "Task1\Task1.csproj", "{232EE81D-E378-42DC-B513-AC784BBD7007}"
EndProject
Project("{FAE04EC0-301F-11D3-BF4B-00C04F79EFBC}") = "Task1Tests", "Task1Tests\Task1Tests.csproj", "{417C4DA6-204E-4B1F-9F1E-9C667EF907B4}"
EndProject
Project("{FAE04EC0-301F-11D3-BF4B-00C04F79EFBC}") = "Task2", "Task2\Task2.csproj", "{C04DE8CE-31FE-499E-8123-E65D3DC069A3}"
EndProject
Project("{FAE04EC0-301F-11D3-BF4B-00C04F79EFBC}") = "Task3", "Task3\Task3.csproj", "{3687A836-452A-414D-B7D2-53A76F7D192F}"
EndProject
Project("{FAE04EC0-301F-11D3-BF4B-00C04F79EFBC}") = "Task3Tests", "Task3Tests\Task3Tests.csproj", "{3FE69CA3-9723-46DF-92E9-021C0E7FCC36}"
EndProject
Global
	GlobalSection(SolutionConfigurationPlatforms) = preSolution
		Debug|Any CPU = Debug|Any CPU
		Release|Any CPU = Release|Any CPU
	EndGlobalSection
	GlobalSection(ProjectConfigurationPlatforms) = postSolution
		{232EE81D-E378-42DC-B513-AC784BBD7007}.Debug|Any CPU.ActiveCfg = Debug|Any CPU
		{232EE81D-E378-42DC-B513-AC784BBD7007}.Debug|Any CPU.Build.0 = Debug|Any CPU
		{232EE81D-E378-42DC-B513-AC784BBD7007}.Release|Any CPU.ActiveCfg = Release|Any CPU
		{232EE81D-E378-42DC-B513-AC784BBD7007}.Release|Any CPU.Build.0 = Release|Any CPU
		{417C4DA6-204E-4B1F-9F1E-9C667EF907B4}.Debug|Any CPU.ActiveCfg = Debug|Any CPU
		{417C4DA6-204E-4B1F-9F1E-9C667EF907B4}.Debug|Any CPU.Build.0 = Debug|Any CPU
		{417C4DA6-204E-4B1F-9F1E-9C667EF907B4}.Release|Any CPU.ActiveCfg = Release|Any CPU
		{417C4DA6-204E-4B1F-9F1E-9C667EF907B4}.Release|Any CPU.Build.0 = Release|Any CPU
		{C04DE8CE-31FE-499E-8123-E65D3DC069A3}.Debug|Any CPU.ActiveCfg = Debug|Any CPU
		{C04DE8CE-31FE-499E-8123-E65D3DC069A3}.Debug|Any CPU.Build.0 = Debug|Any CPU
		{C04DE8CE-31FE-499E-8123-E65D3DC069A3}.Release|Any CPU.ActiveCfg = Release|Any CPU
		{C04DE8CE-31FE-499E-8123-E65D3DC069A3}.Release|Any CPU.Build.0 = Release|Any CPU
		{3687A836-452A-414D-B7D2-53A76F7D192F}.Debug|Any CPU.ActiveCfg = Debug|Any CPU
		{3687A836-452A-414D-B7D2-53A76F7D192F}.Debug|Any CPU.Build.0 = Debug|Any CPU
		{3687A836-452A-414D-B7D2-53A76F7D192F}.Release|Any CPU.ActiveCfg = Release|Any CPU
		{3687A836-452A-414D-B7D2-53A76F7D192F}.Release|Any CPU.Build.0 = Release|Any CPU
		{3FE69CA3-9723-46DF-92E9-021C0E7FCC36}.Debug|Any CPU.ActiveCfg = Debug|Any CPU
		{3FE69CA3-9723-46DF-92E9-021C0E7FCC36}.Debug|Any CPU.Build.0 = Debug|Any CPU
		{3FE69CA3-9723-46DF-92E9-021C0E7FCC36}.Release|Any CPU.ActiveCfg = Release|Any CPU
		{3FE69CA3-9723-46DF-92E9-021C0E7FCC36}.Release|Any CPU.Build.0 = Release|Any CPU
	EndGlobalSection
	GlobalSection(SolutionProperties) = preSolution
		HideSolutionNode = FALSE
	EndGlobalSection
	GlobalSection(ExtensibilityGlobals) = postSolution
		SolutionGuid = {DA58307B-2379-4339-9D7A-43ACBBC82F2F}
	EndGlobalSection
EndGlobal
