
Microsoft Visual Studio Solution File, Format Version 12.00
# Visual Studio Version 16
VisualStudioVersion = 16.0.30907.101
MinimumVisualStudioVersion = 10.0.40219.1
Project("{9A19103F-16F7-4668-BE54-9A1E7A4F7556}") = "Task1", "Task1\Task1.csproj", "{3AF4E0AE-44F8-44DB-A181-91B636B4C7F8}"
EndProject
Project("{FAE04EC0-301F-11D3-BF4B-00C04F79EFBC}") = "TestProject", "TestProject\TestProject.csproj", "{37A08141-5276-4AB1-9E14-86605B65D31C}"
EndProject
Global
	GlobalSection(SolutionConfigurationPlatforms) = preSolution
		Debug|Any CPU = Debug|Any CPU
		Release|Any CPU = Release|Any CPU
	EndGlobalSection
	GlobalSection(ProjectConfigurationPlatforms) = postSolution
		{3AF4E0AE-44F8-44DB-A181-91B636B4C7F8}.Debug|Any CPU.ActiveCfg = Debug|Any CPU
		{3AF4E0AE-44F8-44DB-A181-91B636B4C7F8}.Debug|Any CPU.Build.0 = Debug|Any CPU
		{3AF4E0AE-44F8-44DB-A181-91B636B4C7F8}.Release|Any CPU.ActiveCfg = Release|Any CPU
		{3AF4E0AE-44F8-44DB-A181-91B636B4C7F8}.Release|Any CPU.Build.0 = Release|Any CPU
		{37A08141-5276-4AB1-9E14-86605B65D31C}.Debug|Any CPU.ActiveCfg = Debug|Any CPU
		{37A08141-5276-4AB1-9E14-86605B65D31C}.Debug|Any CPU.Build.0 = Debug|Any CPU
		{37A08141-5276-4AB1-9E14-86605B65D31C}.Release|Any CPU.ActiveCfg = Release|Any CPU
		{37A08141-5276-4AB1-9E14-86605B65D31C}.Release|Any CPU.Build.0 = Release|Any CPU
	EndGlobalSection
	GlobalSection(SolutionProperties) = preSolution
		HideSolutionNode = FALSE
	EndGlobalSection
	GlobalSection(ExtensibilityGlobals) = postSolution
		SolutionGuid = {831EFBCC-1CE1-428D-9C22-BA73BDB4C918}
	EndGlobalSection
EndGlobal
