
Microsoft Visual Studio Solution File, Format Version 12.00
# Visual Studio Version 16
VisualStudioVersion = 16.0.30907.101
MinimumVisualStudioVersion = 10.0.40219.1
Project("{FAE04EC0-301F-11D3-BF4B-00C04F79EFBC}") = "Task1", "Task1\Task1.csproj", "{2004ED42-DFEC-4884-AA0D-E7CA68FB80C2}"
EndProject
Project("{FAE04EC0-301F-11D3-BF4B-00C04F79EFBC}") = "Task2", "Task2\Task2.csproj", "{D6108628-B4CE-4FE8-B852-0BA15DB66665}"
EndProject
Project("{FAE04EC0-301F-11D3-BF4B-00C04F79EFBC}") = "XUnitTestTask2", "XUnitTestTask2\XUnitTestTask2.csproj", "{04CE0736-7449-447D-9D75-BD56BE721D20}"
EndProject
Global
	GlobalSection(SolutionConfigurationPlatforms) = preSolution
		Debug|Any CPU = Debug|Any CPU
		Release|Any CPU = Release|Any CPU
	EndGlobalSection
	GlobalSection(ProjectConfigurationPlatforms) = postSolution
		{2004ED42-DFEC-4884-AA0D-E7CA68FB80C2}.Debug|Any CPU.ActiveCfg = Debug|Any CPU
		{2004ED42-DFEC-4884-AA0D-E7CA68FB80C2}.Debug|Any CPU.Build.0 = Debug|Any CPU
		{2004ED42-DFEC-4884-AA0D-E7CA68FB80C2}.Release|Any CPU.ActiveCfg = Release|Any CPU
		{2004ED42-DFEC-4884-AA0D-E7CA68FB80C2}.Release|Any CPU.Build.0 = Release|Any CPU
		{D6108628-B4CE-4FE8-B852-0BA15DB66665}.Debug|Any CPU.ActiveCfg = Debug|Any CPU
		{D6108628-B4CE-4FE8-B852-0BA15DB66665}.Debug|Any CPU.Build.0 = Debug|Any CPU
		{D6108628-B4CE-4FE8-B852-0BA15DB66665}.Release|Any CPU.ActiveCfg = Release|Any CPU
		{D6108628-B4CE-4FE8-B852-0BA15DB66665}.Release|Any CPU.Build.0 = Release|Any CPU
		{04CE0736-7449-447D-9D75-BD56BE721D20}.Debug|Any CPU.ActiveCfg = Debug|Any CPU
		{04CE0736-7449-447D-9D75-BD56BE721D20}.Debug|Any CPU.Build.0 = Debug|Any CPU
		{04CE0736-7449-447D-9D75-BD56BE721D20}.Release|Any CPU.ActiveCfg = Release|Any CPU
		{04CE0736-7449-447D-9D75-BD56BE721D20}.Release|Any CPU.Build.0 = Release|Any CPU
	EndGlobalSection
	GlobalSection(SolutionProperties) = preSolution
		HideSolutionNode = FALSE
	EndGlobalSection
	GlobalSection(ExtensibilityGlobals) = postSolution
		SolutionGuid = {5370ACF6-F76E-449F-9E6C-120D485226B3}
	EndGlobalSection
EndGlobal
