
Microsoft Visual Studio Solution File, Format Version 12.00
# Visual Studio Version 16
VisualStudioVersion = 16.0.30907.101
MinimumVisualStudioVersion = 10.0.40219.1
Project("{FAE04EC0-301F-11D3-BF4B-00C04F79EFBC}") = "Task1", "Task1\Task1.csproj", "{99F667EF-0BF1-48DB-A3B9-8BD976A36EDC}"
EndProject
Project("{FAE04EC0-301F-11D3-BF4B-00C04F79EFBC}") = "Task2", "Task2\Task2.csproj", "{7AE07B43-EF83-4301-AC7E-1CE364F4C0FA}"
EndProject
Project("{FAE04EC0-301F-11D3-BF4B-00C04F79EFBC}") = "Task3", "Task3\Task3.csproj", "{9DB5F467-00F7-418B-92A4-A8566A1E0A8F}"
EndProject
Project("{FAE04EC0-301F-11D3-BF4B-00C04F79EFBC}") = "Task4", "Task4\Task4.csproj", "{17CF2A08-1894-4DCB-AB5E-D927282F0A1B}"
EndProject
Project("{FAE04EC0-301F-11D3-BF4B-00C04F79EFBC}") = "Task5", "Task5\Task5.csproj", "{04E6237D-5013-4A00-B9E1-3920A804E109}"
EndProject
Global
	GlobalSection(SolutionConfigurationPlatforms) = preSolution
		Debug|Any CPU = Debug|Any CPU
		Release|Any CPU = Release|Any CPU
	EndGlobalSection
	GlobalSection(ProjectConfigurationPlatforms) = postSolution
		{99F667EF-0BF1-48DB-A3B9-8BD976A36EDC}.Debug|Any CPU.ActiveCfg = Debug|Any CPU
		{99F667EF-0BF1-48DB-A3B9-8BD976A36EDC}.Debug|Any CPU.Build.0 = Debug|Any CPU
		{99F667EF-0BF1-48DB-A3B9-8BD976A36EDC}.Release|Any CPU.ActiveCfg = Release|Any CPU
		{99F667EF-0BF1-48DB-A3B9-8BD976A36EDC}.Release|Any CPU.Build.0 = Release|Any CPU
		{7AE07B43-EF83-4301-AC7E-1CE364F4C0FA}.Debug|Any CPU.ActiveCfg = Debug|Any CPU
		{7AE07B43-EF83-4301-AC7E-1CE364F4C0FA}.Debug|Any CPU.Build.0 = Debug|Any CPU
		{7AE07B43-EF83-4301-AC7E-1CE364F4C0FA}.Release|Any CPU.ActiveCfg = Release|Any CPU
		{7AE07B43-EF83-4301-AC7E-1CE364F4C0FA}.Release|Any CPU.Build.0 = Release|Any CPU
		{9DB5F467-00F7-418B-92A4-A8566A1E0A8F}.Debug|Any CPU.ActiveCfg = Debug|Any CPU
		{9DB5F467-00F7-418B-92A4-A8566A1E0A8F}.Debug|Any CPU.Build.0 = Debug|Any CPU
		{9DB5F467-00F7-418B-92A4-A8566A1E0A8F}.Release|Any CPU.ActiveCfg = Release|Any CPU
		{9DB5F467-00F7-418B-92A4-A8566A1E0A8F}.Release|Any CPU.Build.0 = Release|Any CPU
		{17CF2A08-1894-4DCB-AB5E-D927282F0A1B}.Debug|Any CPU.ActiveCfg = Debug|Any CPU
		{17CF2A08-1894-4DCB-AB5E-D927282F0A1B}.Debug|Any CPU.Build.0 = Debug|Any CPU
		{17CF2A08-1894-4DCB-AB5E-D927282F0A1B}.Release|Any CPU.ActiveCfg = Release|Any CPU
		{17CF2A08-1894-4DCB-AB5E-D927282F0A1B}.Release|Any CPU.Build.0 = Release|Any CPU
		{04E6237D-5013-4A00-B9E1-3920A804E109}.Debug|Any CPU.ActiveCfg = Debug|Any CPU
		{04E6237D-5013-4A00-B9E1-3920A804E109}.Debug|Any CPU.Build.0 = Debug|Any CPU
		{04E6237D-5013-4A00-B9E1-3920A804E109}.Release|Any CPU.ActiveCfg = Release|Any CPU
		{04E6237D-5013-4A00-B9E1-3920A804E109}.Release|Any CPU.Build.0 = Release|Any CPU
	EndGlobalSection
	GlobalSection(SolutionProperties) = preSolution
		HideSolutionNode = FALSE
	EndGlobalSection
	GlobalSection(ExtensibilityGlobals) = postSolution
		SolutionGuid = {BE65DC13-17D7-45B6-9566-D870BAC74ACB}
	EndGlobalSection
EndGlobal
